
Microsoft Visual Studio Solution File, Format Version 12.00
# Visual Studio 15
VisualStudioVersion = 15.0.28307.438
MinimumVisualStudioVersion = 10.0.40219.1
Project("{2150E333-8FDC-42A3-9474-1A3956D46DE8}") = "0 - Domain", "0 - Domain", "{126205D0-9322-4B2D-8809-0253607E56E4}"
EndProject
Project("{2150E333-8FDC-42A3-9474-1A3956D46DE8}") = "1 - Tests", "1 - Tests", "{AD89EF95-82E9-4B97-8BFF-2942A248E86C}"
EndProject
Project("{2150E333-8FDC-42A3-9474-1A3956D46DE8}") = "2 - Infra", "2 - Infra", "{B7320876-FFD5-45DA-84B1-6A2A7A8CBF8A}"
EndProject
Project("{2150E333-8FDC-42A3-9474-1A3956D46DE8}") = "3 - Application", "3 - Application", "{758A154D-5B40-4BE4-B5C4-F4294D221D42}"
EndProject
Project("{2150E333-8FDC-42A3-9474-1A3956D46DE8}") = "4 - API", "4 - API", "{A65DF518-51C3-4596-B7D1-8BAACE813C6E}"
EndProject
Project("{2150E333-8FDC-42A3-9474-1A3956D46DE8}") = "5 - Presentation", "5 - Presentation", "{B1DEAD99-0F9A-4DE1-86C1-2814A106367D}"
EndProject
Project("{9A19103F-16F7-4668-BE54-9A1E7A4F7556}") = "Cuscuzeria.Domain", "Cuscuzeria.Domain\Cuscuzeria.Domain.csproj", "{5423E3B3-7137-4308-AE76-E52FD5CAFB12}"
EndProject
Project("{9A19103F-16F7-4668-BE54-9A1E7A4F7556}") = "Cuscuzeria.Domain.Tests", "Cuscuzeria.Domain.Tests\Cuscuzeria.Domain.Tests.csproj", "{9334DE16-4B83-4B9C-AA68-CE1051E879BB}"
EndProject
Project("{2150E333-8FDC-42A3-9474-1A3956D46DE8}") = "2.1 - CrossCutting", "2.1 - CrossCutting", "{72C5FE02-C3CE-48F1-A967-108AA34A043E}"
EndProject
Project("{2150E333-8FDC-42A3-9474-1A3956D46DE8}") = "2.2 - Data", "2.2 - Data", "{CF077781-06F6-4A03-8527-F62D93603366}"
EndProject
Project("{9A19103F-16F7-4668-BE54-9A1E7A4F7556}") = "Cuscuzeria.Infra.Data", "Cuscuzeria.Infra.Data\Cuscuzeria.Infra.Data.csproj", "{E2BC8BA4-607E-4EB8-8CE6-2660A36DF43D}"
EndProject
Project("{9A19103F-16F7-4668-BE54-9A1E7A4F7556}") = "Cuscuzeria.Application", "Cuscuzeria.Application\Cuscuzeria.Application.csproj", "{51EAC914-13CF-4300-BC49-1BFA5FACF8D6}"
EndProject
Project("{9A19103F-16F7-4668-BE54-9A1E7A4F7556}") = "Cuscuzeria.API", "Cuscuzeria.API\Cuscuzeria.API.csproj", "{4928E029-BA97-4B78-AA81-5F80D7F7BF36}"
EndProject
Project("{FAE04EC0-301F-11D3-BF4B-00C04F79EFBC}") = "MyCuscuzAdminWeb", "MyCuscuzAdminWeb\MyCuscuzAdminWeb.csproj", "{34DB05B6-9B7A-4956-A60B-BB06BA2D56C0}"
EndProject
Global
	GlobalSection(SolutionConfigurationPlatforms) = preSolution
		Debug|Any CPU = Debug|Any CPU
		Release|Any CPU = Release|Any CPU
	EndGlobalSection
	GlobalSection(ProjectConfigurationPlatforms) = postSolution
		{5423E3B3-7137-4308-AE76-E52FD5CAFB12}.Debug|Any CPU.ActiveCfg = Debug|Any CPU
		{5423E3B3-7137-4308-AE76-E52FD5CAFB12}.Debug|Any CPU.Build.0 = Debug|Any CPU
		{5423E3B3-7137-4308-AE76-E52FD5CAFB12}.Release|Any CPU.ActiveCfg = Release|Any CPU
		{5423E3B3-7137-4308-AE76-E52FD5CAFB12}.Release|Any CPU.Build.0 = Release|Any CPU
		{9334DE16-4B83-4B9C-AA68-CE1051E879BB}.Debug|Any CPU.ActiveCfg = Debug|Any CPU
		{9334DE16-4B83-4B9C-AA68-CE1051E879BB}.Debug|Any CPU.Build.0 = Debug|Any CPU
		{9334DE16-4B83-4B9C-AA68-CE1051E879BB}.Release|Any CPU.ActiveCfg = Release|Any CPU
		{9334DE16-4B83-4B9C-AA68-CE1051E879BB}.Release|Any CPU.Build.0 = Release|Any CPU
		{E2BC8BA4-607E-4EB8-8CE6-2660A36DF43D}.Debug|Any CPU.ActiveCfg = Debug|Any CPU
		{E2BC8BA4-607E-4EB8-8CE6-2660A36DF43D}.Debug|Any CPU.Build.0 = Debug|Any CPU
		{E2BC8BA4-607E-4EB8-8CE6-2660A36DF43D}.Release|Any CPU.ActiveCfg = Release|Any CPU
		{E2BC8BA4-607E-4EB8-8CE6-2660A36DF43D}.Release|Any CPU.Build.0 = Release|Any CPU
		{51EAC914-13CF-4300-BC49-1BFA5FACF8D6}.Debug|Any CPU.ActiveCfg = Debug|Any CPU
		{51EAC914-13CF-4300-BC49-1BFA5FACF8D6}.Debug|Any CPU.Build.0 = Debug|Any CPU
		{51EAC914-13CF-4300-BC49-1BFA5FACF8D6}.Release|Any CPU.ActiveCfg = Release|Any CPU
		{51EAC914-13CF-4300-BC49-1BFA5FACF8D6}.Release|Any CPU.Build.0 = Release|Any CPU
		{4928E029-BA97-4B78-AA81-5F80D7F7BF36}.Debug|Any CPU.ActiveCfg = Debug|Any CPU
		{4928E029-BA97-4B78-AA81-5F80D7F7BF36}.Debug|Any CPU.Build.0 = Debug|Any CPU
		{4928E029-BA97-4B78-AA81-5F80D7F7BF36}.Release|Any CPU.ActiveCfg = Release|Any CPU
		{4928E029-BA97-4B78-AA81-5F80D7F7BF36}.Release|Any CPU.Build.0 = Release|Any CPU
		{34DB05B6-9B7A-4956-A60B-BB06BA2D56C0}.Debug|Any CPU.ActiveCfg = Debug|Any CPU
		{34DB05B6-9B7A-4956-A60B-BB06BA2D56C0}.Debug|Any CPU.Build.0 = Debug|Any CPU
		{34DB05B6-9B7A-4956-A60B-BB06BA2D56C0}.Release|Any CPU.ActiveCfg = Release|Any CPU
		{34DB05B6-9B7A-4956-A60B-BB06BA2D56C0}.Release|Any CPU.Build.0 = Release|Any CPU
	EndGlobalSection
	GlobalSection(SolutionProperties) = preSolution
		HideSolutionNode = FALSE
	EndGlobalSection
	GlobalSection(NestedProjects) = preSolution
		{5423E3B3-7137-4308-AE76-E52FD5CAFB12} = {126205D0-9322-4B2D-8809-0253607E56E4}
		{9334DE16-4B83-4B9C-AA68-CE1051E879BB} = {AD89EF95-82E9-4B97-8BFF-2942A248E86C}
		{72C5FE02-C3CE-48F1-A967-108AA34A043E} = {B7320876-FFD5-45DA-84B1-6A2A7A8CBF8A}
		{CF077781-06F6-4A03-8527-F62D93603366} = {B7320876-FFD5-45DA-84B1-6A2A7A8CBF8A}
		{E2BC8BA4-607E-4EB8-8CE6-2660A36DF43D} = {CF077781-06F6-4A03-8527-F62D93603366}
		{51EAC914-13CF-4300-BC49-1BFA5FACF8D6} = {758A154D-5B40-4BE4-B5C4-F4294D221D42}
		{4928E029-BA97-4B78-AA81-5F80D7F7BF36} = {A65DF518-51C3-4596-B7D1-8BAACE813C6E}
		{34DB05B6-9B7A-4956-A60B-BB06BA2D56C0} = {B1DEAD99-0F9A-4DE1-86C1-2814A106367D}
	EndGlobalSection
	GlobalSection(ExtensibilityGlobals) = postSolution
		SolutionGuid = {71EEC54B-29C2-4BB9-9553-EB94B233C5E8}
	EndGlobalSection
EndGlobal
